// !$*UTF8*$!
{
	archiveVersion = 1;
	classes = {
	};
	objectVersion = 48;
	objects = {

/* Begin PBXBuildFile section */
		454337871FCD3A070023CF5B /* AppDelegate.m in Sources */ = {isa = PBXBuildFile; fileRef = 454337861FCD3A070023CF5B /* AppDelegate.m */; };
		4543378A1FCD3A070023CF5B /* ViewController.m in Sources */ = {isa = PBXBuildFile; fileRef = 454337891FCD3A070023CF5B /* ViewController.m */; };
		4543378D1FCD3A070023CF5B /* Main.storyboard in Resources */ = {isa = PBXBuildFile; fileRef = 4543378B1FCD3A070023CF5B /* Main.storyboard */; };
		4543378F1FCD3A070023CF5B /* Assets.xcassets in Resources */ = {isa = PBXBuildFile; fileRef = 4543378E1FCD3A070023CF5B /* Assets.xcassets */; };
		454337921FCD3A070023CF5B /* LaunchScreen.storyboard in Resources */ = {isa = PBXBuildFile; fileRef = 454337901FCD3A070023CF5B /* LaunchScreen.storyboard */; };
		454337951FCD3A070023CF5B /* main.m in Sources */ = {isa = PBXBuildFile; fileRef = 454337941FCD3A070023CF5B /* main.m */; };
		4543379F1FCD3A070023CF5B /* OnoDemoTests.m in Sources */ = {isa = PBXBuildFile; fileRef = 4543379E1FCD3A070023CF5B /* OnoDemoTests.m */; };
		454337AA1FCD3A070023CF5B /* OnoDemoUITests.m in Sources */ = {isa = PBXBuildFile; fileRef = 454337A91FCD3A070023CF5B /* OnoDemoUITests.m */; };
		454337B91FCD3BD00023CF5B /* BarcodeViewController.m in Sources */ = {isa = PBXBuildFile; fileRef = 454337B81FCD3BD00023CF5B /* BarcodeViewController.m */; };
		454337BC1FCD3F4E0023CF5B /* ProductModel.m in Sources */ = {isa = PBXBuildFile; fileRef = 454337BB1FCD3F4E0023CF5B /* ProductModel.m */; };
		454337C01FCD3FD30023CF5B /* ONOXMLDocument.m in Sources */ = {isa = PBXBuildFile; fileRef = 454337BF1FCD3FD30023CF5B /* ONOXMLDocument.m */; };
		454337C41FCD40BF0023CF5B /* libxml2.2.tbd in Frameworks */ = {isa = PBXBuildFile; fileRef = 454337C31FCD40B50023CF5B /* libxml2.2.tbd */; };
/* End PBXBuildFile section */

/* Begin PBXContainerItemProxy section */
		4543379B1FCD3A070023CF5B /* PBXContainerItemProxy */ = {
			isa = PBXContainerItemProxy;
			containerPortal = 4543377A1FCD3A070023CF5B /* Project object */;
			proxyType = 1;
			remoteGlobalIDString = 454337811FCD3A070023CF5B;
			remoteInfo = OnoDemo;
		};
		454337A61FCD3A070023CF5B /* PBXContainerItemProxy */ = {
			isa = PBXContainerItemProxy;
			containerPortal = 4543377A1FCD3A070023CF5B /* Project object */;
			proxyType = 1;
			remoteGlobalIDString = 454337811FCD3A070023CF5B;
			remoteInfo = OnoDemo;
		};
/* End PBXContainerItemProxy section */

/* Begin PBXFileReference section */
		454337821FCD3A070023CF5B /* OnoDemo.app */ = {isa = PBXFileReference; explicitFileType = wrapper.application; includeInIndex = 0; path = OnoDemo.app; sourceTree = BUILT_PRODUCTS_DIR; };
		454337851FCD3A070023CF5B /* AppDelegate.h */ = {isa = PBXFileReference; lastKnownFileType = sourcecode.c.h; path = AppDelegate.h; sourceTree = "<group>"; };
		454337861FCD3A070023CF5B /* AppDelegate.m */ = {isa = PBXFileReference; lastKnownFileType = sourcecode.c.objc; path = AppDelegate.m; sourceTree = "<group>"; };
		454337881FCD3A070023CF5B /* ViewController.h */ = {isa = PBXFileReference; lastKnownFileType = sourcecode.c.h; path = ViewController.h; sourceTree = "<group>"; };
		454337891FCD3A070023CF5B /* ViewController.m */ = {isa = PBXFileReference; lastKnownFileType = sourcecode.c.objc; path = ViewController.m; sourceTree = "<group>"; };
		4543378C1FCD3A070023CF5B /* Base */ = {isa = PBXFileReference; lastKnownFileType = file.storyboard; name = Base; path = Base.lproj/Main.storyboard; sourceTree = "<group>"; };
		4543378E1FCD3A070023CF5B /* Assets.xcassets */ = {isa = PBXFileReference; lastKnownFileType = folder.assetcatalog; path = Assets.xcassets; sourceTree = "<group>"; };
		454337911FCD3A070023CF5B /* Base */ = {isa = PBXFileReference; lastKnownFileType = file.storyboard; name = Base; path = Base.lproj/LaunchScreen.storyboard; sourceTree = "<group>"; };
		454337931FCD3A070023CF5B /* Info.plist */ = {isa = PBXFileReference; lastKnownFileType = text.plist.xml; path = Info.plist; sourceTree = "<group>"; };
		454337941FCD3A070023CF5B /* main.m */ = {isa = PBXFileReference; lastKnownFileType = sourcecode.c.objc; path = main.m; sourceTree = "<group>"; };
		4543379A1FCD3A070023CF5B /* OnoDemoTests.xctest */ = {isa = PBXFileReference; explicitFileType = wrapper.cfbundle; includeInIndex = 0; path = OnoDemoTests.xctest; sourceTree = BUILT_PRODUCTS_DIR; };
		4543379E1FCD3A070023CF5B /* OnoDemoTests.m */ = {isa = PBXFileReference; lastKnownFileType = sourcecode.c.objc; path = OnoDemoTests.m; sourceTree = "<group>"; };
		454337A01FCD3A070023CF5B /* Info.plist */ = {isa = PBXFileReference; lastKnownFileType = text.plist.xml; path = Info.plist; sourceTree = "<group>"; };
		454337A51FCD3A070023CF5B /* OnoDemoUITests.xctest */ = {isa = PBXFileReference; explicitFileType = wrapper.cfbundle; includeInIndex = 0; path = OnoDemoUITests.xctest; sourceTree = BUILT_PRODUCTS_DIR; };
		454337A91FCD3A070023CF5B /* OnoDemoUITests.m */ = {isa = PBXFileReference; lastKnownFileType = sourcecode.c.objc; path = OnoDemoUITests.m; sourceTree = "<group>"; };
		454337AB1FCD3A070023CF5B /* Info.plist */ = {isa = PBXFileReference; lastKnownFileType = text.plist.xml; path = Info.plist; sourceTree = "<group>"; };
		454337B71FCD3BD00023CF5B /* BarcodeViewController.h */ = {isa = PBXFileReference; lastKnownFileType = sourcecode.c.h; path = BarcodeViewController.h; sourceTree = "<group>"; };
		454337B81FCD3BD00023CF5B /* BarcodeViewController.m */ = {isa = PBXFileReference; lastKnownFileType = sourcecode.c.objc; path = BarcodeViewController.m; sourceTree = "<group>"; };
		454337BA1FCD3F4E0023CF5B /* ProductModel.h */ = {isa = PBXFileReference; lastKnownFileType = sourcecode.c.h; path = ProductModel.h; sourceTree = "<group>"; };
		454337BB1FCD3F4E0023CF5B /* ProductModel.m */ = {isa = PBXFileReference; lastKnownFileType = sourcecode.c.objc; path = ProductModel.m; sourceTree = "<group>"; };
		454337BE1FCD3FD30023CF5B /* ONOXMLDocument.h */ = {isa = PBXFileReference; fileEncoding = 4; lastKnownFileType = sourcecode.c.h; path = ONOXMLDocument.h; sourceTree = "<group>"; };
		454337BF1FCD3FD30023CF5B /* ONOXMLDocument.m */ = {isa = PBXFileReference; fileEncoding = 4; lastKnownFileType = sourcecode.c.objc; path = ONOXMLDocument.m; sourceTree = "<group>"; };
		454337C21FCD40370023CF5B /* libxml2.tbd */ = {isa = PBXFileReference; lastKnownFileType = "sourcecode.text-based-dylib-definition"; name = libxml2.tbd; path = usr/lib/libxml2.tbd; sourceTree = SDKROOT; };
		454337C31FCD40B50023CF5B /* libxml2.2.tbd */ = {isa = PBXFileReference; lastKnownFileType = "sourcecode.text-based-dylib-definition"; name = libxml2.2.tbd; path = usr/lib/libxml2.2.tbd; sourceTree = SDKROOT; };
/* End PBXFileReference section */

/* Begin PBXFrameworksBuildPhase section */
		4543377F1FCD3A070023CF5B /* Frameworks */ = {
			isa = PBXFrameworksBuildPhase;
			buildActionMask = 2147483647;
			files = (
				454337C41FCD40BF0023CF5B /* libxml2.2.tbd in Frameworks */,
			);
			runOnlyForDeploymentPostprocessing = 0;
		};
		454337971FCD3A070023CF5B /* Frameworks */ = {
			isa = PBXFrameworksBuildPhase;
			buildActionMask = 2147483647;
			files = (
			);
			runOnlyForDeploymentPostprocessing = 0;
		};
		454337A21FCD3A070023CF5B /* Frameworks */ = {
			isa = PBXFrameworksBuildPhase;
			buildActionMask = 2147483647;
			files = (
			);
			runOnlyForDeploymentPostprocessing = 0;
		};
/* End PBXFrameworksBuildPhase section */

/* Begin PBXGroup section */
		454337791FCD3A070023CF5B = {
			isa = PBXGroup;
			children = (
				454337841FCD3A070023CF5B /* OnoDemo */,
				4543379D1FCD3A070023CF5B /* OnoDemoTests */,
				454337A81FCD3A070023CF5B /* OnoDemoUITests */,
				454337831FCD3A070023CF5B /* Products */,
				454337C11FCD40370023CF5B /* Frameworks */,
			);
			sourceTree = "<group>";
		};
		454337831FCD3A070023CF5B /* Products */ = {
			isa = PBXGroup;
			children = (
				454337821FCD3A070023CF5B /* OnoDemo.app */,
				4543379A1FCD3A070023CF5B /* OnoDemoTests.xctest */,
				454337A51FCD3A070023CF5B /* OnoDemoUITests.xctest */,
			);
			name = Products;
			sourceTree = "<group>";
		};
		454337841FCD3A070023CF5B /* OnoDemo */ = {
			isa = PBXGroup;
			children = (
				454337BD1FCD3FD30023CF5B /* Ono */,
				454337851FCD3A070023CF5B /* AppDelegate.h */,
				454337861FCD3A070023CF5B /* AppDelegate.m */,
				454337881FCD3A070023CF5B /* ViewController.h */,
				454337891FCD3A070023CF5B /* ViewController.m */,
				454337B71FCD3BD00023CF5B /* BarcodeViewController.h */,
				454337B81FCD3BD00023CF5B /* BarcodeViewController.m */,
				454337BA1FCD3F4E0023CF5B /* ProductModel.h */,
				454337BB1FCD3F4E0023CF5B /* ProductModel.m */,
				4543378B1FCD3A070023CF5B /* Main.storyboard */,
				4543378E1FCD3A070023CF5B /* Assets.xcassets */,
				454337901FCD3A070023CF5B /* LaunchScreen.storyboard */,
				454337931FCD3A070023CF5B /* Info.plist */,
				454337941FCD3A070023CF5B /* main.m */,
			);
			path = OnoDemo;
			sourceTree = "<group>";
		};
		4543379D1FCD3A070023CF5B /* OnoDemoTests */ = {
			isa = PBXGroup;
			children = (
				4543379E1FCD3A070023CF5B /* OnoDemoTests.m */,
				454337A01FCD3A070023CF5B /* Info.plist */,
			);
			path = OnoDemoTests;
			sourceTree = "<group>";
		};
		454337A81FCD3A070023CF5B /* OnoDemoUITests */ = {
			isa = PBXGroup;
			children = (
				454337A91FCD3A070023CF5B /* OnoDemoUITests.m */,
				454337AB1FCD3A070023CF5B /* Info.plist */,
			);
			path = OnoDemoUITests;
			sourceTree = "<group>";
		};
		454337BD1FCD3FD30023CF5B /* Ono */ = {
			isa = PBXGroup;
			children = (
				454337BE1FCD3FD30023CF5B /* ONOXMLDocument.h */,
				454337BF1FCD3FD30023CF5B /* ONOXMLDocument.m */,
			);
			path = Ono;
			sourceTree = "<group>";
		};
		454337C11FCD40370023CF5B /* Frameworks */ = {
			isa = PBXGroup;
			children = (
				454337C31FCD40B50023CF5B /* libxml2.2.tbd */,
				454337C21FCD40370023CF5B /* libxml2.tbd */,
			);
			name = Frameworks;
			sourceTree = "<group>";
		};
/* End PBXGroup section */

/* Begin PBXNativeTarget section */
		454337811FCD3A070023CF5B /* OnoDemo */ = {
			isa = PBXNativeTarget;
			buildConfigurationList = 454337AE1FCD3A070023CF5B /* Build configuration list for PBXNativeTarget "OnoDemo" */;
			buildPhases = (
				4543377E1FCD3A070023CF5B /* Sources */,
				4543377F1FCD3A070023CF5B /* Frameworks */,
				454337801FCD3A070023CF5B /* Resources */,
			);
			buildRules = (
			);
			dependencies = (
			);
			name = OnoDemo;
			productName = OnoDemo;
			productReference = 454337821FCD3A070023CF5B /* OnoDemo.app */;
			productType = "com.apple.product-type.application";
		};
		454337991FCD3A070023CF5B /* OnoDemoTests */ = {
			isa = PBXNativeTarget;
			buildConfigurationList = 454337B11FCD3A070023CF5B /* Build configuration list for PBXNativeTarget "OnoDemoTests" */;
			buildPhases = (
				454337961FCD3A070023CF5B /* Sources */,
				454337971FCD3A070023CF5B /* Frameworks */,
				454337981FCD3A070023CF5B /* Resources */,
			);
			buildRules = (
			);
			dependencies = (
				4543379C1FCD3A070023CF5B /* PBXTargetDependency */,
			);
			name = OnoDemoTests;
			productName = OnoDemoTests;
			productReference = 4543379A1FCD3A070023CF5B /* OnoDemoTests.xctest */;
			productType = "com.apple.product-type.bundle.unit-test";
		};
		454337A41FCD3A070023CF5B /* OnoDemoUITests */ = {
			isa = PBXNativeTarget;
			buildConfigurationList = 454337B41FCD3A070023CF5B /* Build configuration list for PBXNativeTarget "OnoDemoUITests" */;
			buildPhases = (
				454337A11FCD3A070023CF5B /* Sources */,
				454337A21FCD3A070023CF5B /* Frameworks */,
				454337A31FCD3A070023CF5B /* Resources */,
			);
			buildRules = (
			);
			dependencies = (
				454337A71FCD3A070023CF5B /* PBXTargetDependency */,
			);
			name = OnoDemoUITests;
			productName = OnoDemoUITests;
			productReference = 454337A51FCD3A070023CF5B /* OnoDemoUITests.xctest */;
			productType = "com.apple.product-type.bundle.ui-testing";
		};
/* End PBXNativeTarget section */

/* Begin PBXProject section */
		4543377A1FCD3A070023CF5B /* Project object */ = {
			isa = PBXProject;
			attributes = {
				LastUpgradeCheck = 0910;
				ORGANIZATIONNAME = fengweiru;
				TargetAttributes = {
					454337811FCD3A070023CF5B = {
						CreatedOnToolsVersion = 9.1;
						ProvisioningStyle = Automatic;
					};
					454337991FCD3A070023CF5B = {
						CreatedOnToolsVersion = 9.1;
						ProvisioningStyle = Automatic;
						TestTargetID = 454337811FCD3A070023CF5B;
					};
					454337A41FCD3A070023CF5B = {
						CreatedOnToolsVersion = 9.1;
						ProvisioningStyle = Automatic;
						TestTargetID = 454337811FCD3A070023CF5B;
					};
				};
			};
			buildConfigurationList = 4543377D1FCD3A070023CF5B /* Build configuration list for PBXProject "OnoDemo" */;
			compatibilityVersion = "Xcode 8.0";
			developmentRegion = en;
			hasScannedForEncodings = 0;
			knownRegions = (
				en,
				Base,
			);
			mainGroup = 454337791FCD3A070023CF5B;
			productRefGroup = 454337831FCD3A070023CF5B /* Products */;
			projectDirPath = "";
			projectRoot = "";
			targets = (
				454337811FCD3A070023CF5B /* OnoDemo */,
				454337991FCD3A070023CF5B /* OnoDemoTests */,
				454337A41FCD3A070023CF5B /* OnoDemoUITests */,
			);
		};
/* End PBXProject section */

/* Begin PBXResourcesBuildPhase section */
		454337801FCD3A070023CF5B /* Resources */ = {
			isa = PBXResourcesBuildPhase;
			buildActionMask = 2147483647;
			files = (
				454337921FCD3A070023CF5B /* LaunchScreen.storyboard in Resources */,
				4543378F1FCD3A070023CF5B /* Assets.xcassets in Resources */,
				4543378D1FCD3A070023CF5B /* Main.storyboard in Resources */,
			);
			runOnlyForDeploymentPostprocessing = 0;
		};
		454337981FCD3A070023CF5B /* Resources */ = {
			isa = PBXResourcesBuildPhase;
			buildActionMask = 2147483647;
			files = (
			);
			runOnlyForDeploymentPostprocessing = 0;
		};
		454337A31FCD3A070023CF5B /* Resources */ = {
			isa = PBXResourcesBuildPhase;
			buildActionMask = 2147483647;
			files = (
			);
			runOnlyForDeploymentPostprocessing = 0;
		};
/* End PBXResourcesBuildPhase section */

/* Begin PBXSourcesBuildPhase section */
		4543377E1FCD3A070023CF5B /* Sources */ = {
			isa = PBXSourcesBuildPhase;
			buildActionMask = 2147483647;
			files = (
				4543378A1FCD3A070023CF5B /* ViewController.m in Sources */,
				454337C01FCD3FD30023CF5B /* ONOXMLDocument.m in Sources */,
				454337B91FCD3BD00023CF5B /* BarcodeViewController.m in Sources */,
				454337BC1FCD3F4E0023CF5B /* ProductModel.m in Sources */,
				454337951FCD3A070023CF5B /* main.m in Sources */,
				454337871FCD3A070023CF5B /* AppDelegate.m in Sources */,
			);
			runOnlyForDeploymentPostprocessing = 0;
		};
		454337961FCD3A070023CF5B /* Sources */ = {
			isa = PBXSourcesBuildPhase;
			buildActionMask = 2147483647;
			files = (
				4543379F1FCD3A070023CF5B /* OnoDemoTests.m in Sources */,
			);
			runOnlyForDeploymentPostprocessing = 0;
		};
		454337A11FCD3A070023CF5B /* Sources */ = {
			isa = PBXSourcesBuildPhase;
			buildActionMask = 2147483647;
			files = (
				454337AA1FCD3A070023CF5B /* OnoDemoUITests.m in Sources */,
			);
			runOnlyForDeploymentPostprocessing = 0;
		};
/* End PBXSourcesBuildPhase section */

/* Begin PBXTargetDependency section */
		4543379C1FCD3A070023CF5B /* PBXTargetDependency */ = {
			isa = PBXTargetDependency;
			target = 454337811FCD3A070023CF5B /* OnoDemo */;
			targetProxy = 4543379B1FCD3A070023CF5B /* PBXContainerItemProxy */;
		};
		454337A71FCD3A070023CF5B /* PBXTargetDependency */ = {
			isa = PBXTargetDependency;
			target = 454337811FCD3A070023CF5B /* OnoDemo */;
			targetProxy = 454337A61FCD3A070023CF5B /* PBXContainerItemProxy */;
		};
/* End PBXTargetDependency section */

/* Begin PBXVariantGroup section */
		4543378B1FCD3A070023CF5B /* Main.storyboard */ = {
			isa = PBXVariantGroup;
			children = (
				4543378C1FCD3A070023CF5B /* Base */,
			);
			name = Main.storyboard;
			sourceTree = "<group>";
		};
		454337901FCD3A070023CF5B /* LaunchScreen.storyboard */ = {
			isa = PBXVariantGroup;
			children = (
				454337911FCD3A070023CF5B /* Base */,
			);
			name = LaunchScreen.storyboard;
			sourceTree = "<group>";
		};
/* End PBXVariantGroup section */

/* Begin XCBuildConfiguration section */
		454337AC1FCD3A070023CF5B /* Debug */ = {
			isa = XCBuildConfiguration;
			buildSettings = {
				ALWAYS_SEARCH_USER_PATHS = NO;
				CLANG_ANALYZER_NONNULL = YES;
				CLANG_ANALYZER_NUMBER_OBJECT_CONVERSION = YES_AGGRESSIVE;
				CLANG_CXX_LANGUAGE_STANDARD = "gnu++14";
				CLANG_CXX_LIBRARY = "libc++";
				CLANG_ENABLE_MODULES = YES;
				CLANG_ENABLE_OBJC_ARC = YES;
				CLANG_WARN_BLOCK_CAPTURE_AUTORELEASING = YES;
				CLANG_WARN_BOOL_CONVERSION = YES;
				CLANG_WARN_COMMA = YES;
				CLANG_WARN_CONSTANT_CONVERSION = YES;
				CLANG_WARN_DIRECT_OBJC_ISA_USAGE = YES_ERROR;
				CLANG_WARN_DOCUMENTATION_COMMENTS = YES;
				CLANG_WARN_EMPTY_BODY = YES;
				CLANG_WARN_ENUM_CONVERSION = YES;
				CLANG_WARN_INFINITE_RECURSION = YES;
				CLANG_WARN_INT_CONVERSION = YES;
				CLANG_WARN_NON_LITERAL_NULL_CONVERSION = YES;
				CLANG_WARN_OBJC_LITERAL_CONVERSION = YES;
				CLANG_WARN_OBJC_ROOT_CLASS = YES_ERROR;
				CLANG_WARN_RANGE_LOOP_ANALYSIS = YES;
				CLANG_WARN_STRICT_PROTOTYPES = YES;
				CLANG_WARN_SUSPICIOUS_MOVE = YES;
				CLANG_WARN_UNGUARDED_AVAILABILITY = YES_AGGRESSIVE;
				CLANG_WARN_UNREACHABLE_CODE = YES;
				CLANG_WARN__DUPLICATE_METHOD_MATCH = YES;
				CODE_SIGN_IDENTITY = "iPhone Developer";
				COPY_PHASE_STRIP = NO;
				DEBUG_INFORMATION_FORMAT = dwarf;
				ENABLE_STRICT_OBJC_MSGSEND = YES;
				ENABLE_TESTABILITY = YES;
				GCC_C_LANGUAGE_STANDARD = gnu11;
				GCC_DYNAMIC_NO_PIC = NO;
				GCC_NO_COMMON_BLOCKS = YES;
				GCC_OPTIMIZATION_LEVEL = 0;
				GCC_PREPROCESSOR_DEFINITIONS = (
					"DEBUG=1",
					"$(inherited)",
				);
				GCC_WARN_64_TO_32_BIT_CONVERSION = YES;
				GCC_WARN_ABOUT_RETURN_TYPE = YES_ERROR;
				GCC_WARN_UNDECLARED_SELECTOR = YES;
				GCC_WARN_UNINITIALIZED_AUTOS = YES_AGGRESSIVE;
				GCC_WARN_UNUSED_FUNCTION = YES;
				GCC_WARN_UNUSED_VARIABLE = YES;
				IPHONEOS_DEPLOYMENT_TARGET = 11.1;
				MTL_ENABLE_DEBUG_INFO = YES;
				ONLY_ACTIVE_ARCH = YES;
				SDKROOT = iphoneos;
			};
			name = Debug;
		};
		454337AD1FCD3A070023CF5B /* Release */ = {
			isa = XCBuildConfiguration;
			buildSettings = {
				ALWAYS_SEARCH_USER_PATHS = NO;
				CLANG_ANALYZER_NONNULL = YES;
				CLANG_ANALYZER_NUMBER_OBJECT_CONVERSION = YES_AGGRESSIVE;
				CLANG_CXX_LANGUAGE_STANDARD = "gnu++14";
				CLANG_CXX_LIBRARY = "libc++";
				CLANG_ENABLE_MODULES = YES;
				CLANG_ENABLE_OBJC_ARC = YES;
				CLANG_WARN_BLOCK_CAPTURE_AUTORELEASING = YES;
				CLANG_WARN_BOOL_CONVERSION = YES;
				CLANG_WARN_COMMA = YES;
				CLANG_WARN_CONSTANT_CONVERSION = YES;
				CLANG_WARN_DIRECT_OBJC_ISA_USAGE = YES_ERROR;
				CLANG_WARN_DOCUMENTATION_COMMENTS = YES;
				CLANG_WARN_EMPTY_BODY = YES;
				CLANG_WARN_ENUM_CONVERSION = YES;
				CLANG_WARN_INFINITE_RECURSION = YES;
				CLANG_WARN_INT_CONVERSION = YES;
				CLANG_WARN_NON_LITERAL_NULL_CONVERSION = YES;
				CLANG_WARN_OBJC_LITERAL_CONVERSION = YES;
				CLANG_WARN_OBJC_ROOT_CLASS = YES_ERROR;
				CLANG_WARN_RANGE_LOOP_ANALYSIS = YES;
				CLANG_WARN_STRICT_PROTOTYPES = YES;
				CLANG_WARN_SUSPICIOUS_MOVE = YES;
				CLANG_WARN_UNGUARDED_AVAILABILITY = YES_AGGRESSIVE;
				CLANG_WARN_UNREACHABLE_CODE = YES;
				CLANG_WARN__DUPLICATE_METHOD_MATCH = YES;
				CODE_SIGN_IDENTITY = "iPhone Developer";
				COPY_PHASE_STRIP = NO;
				DEBUG_INFORMATION_FORMAT = "dwarf-with-dsym";
				ENABLE_NS_ASSERTIONS = NO;
				ENABLE_STRICT_OBJC_MSGSEND = YES;
				GCC_C_LANGUAGE_STANDARD = gnu11;
				GCC_NO_COMMON_BLOCKS = YES;
				GCC_WARN_64_TO_32_BIT_CONVERSION = YES;
				GCC_WARN_ABOUT_RETURN_TYPE = YES_ERROR;
				GCC_WARN_UNDECLARED_SELECTOR = YES;
				GCC_WARN_UNINITIALIZED_AUTOS = YES_AGGRESSIVE;
				GCC_WARN_UNUSED_FUNCTION = YES;
				GCC_WARN_UNUSED_VARIABLE = YES;
				IPHONEOS_DEPLOYMENT_TARGET = 11.1;
				MTL_ENABLE_DEBUG_INFO = NO;
				SDKROOT = iphoneos;
				VALIDATE_PRODUCT = YES;
			};
			name = Release;
		};
		454337AF1FCD3A070023CF5B /* Debug */ = {
			isa = XCBuildConfiguration;
			buildSettings = {
				ASSETCATALOG_COMPILER_APPICON_NAME = AppIcon;
				CODE_SIGN_STYLE = Automatic;
				HEADER_SEARCH_PATHS = /usr/include/libxml2;
				INFOPLIST_FILE = OnoDemo/Info.plist;
				LD_RUNPATH_SEARCH_PATHS = "$(inherited) @executable_path/Frameworks";
				PRODUCT_BUNDLE_IDENTIFIER = com.fengweiru.OnoDemo;
				PRODUCT_NAME = "$(TARGET_NAME)";
				TARGETED_DEVICE_FAMILY = "1,2";
			};
			name = Debug;
		};
		454337B01FCD3A070023CF5B /* Release */ = {
			isa = XCBuildConfiguration;
			buildSettings = {
				ASSETCATALOG_COMPILER_APPICON_NAME = AppIcon;
				CODE_SIGN_STYLE = Automatic;
				HEADER_SEARCH_PATHS = /usr/include/libxml2;
				INFOPLIST_FILE = OnoDemo/Info.plist;
				LD_RUNPATH_SEARCH_PATHS = "$(inherited) @executable_path/Frameworks";
				PRODUCT_BUNDLE_IDENTIFIER = com.fengweiru.OnoDemo;
				PRODUCT_NAME = "$(TARGET_NAME)";
				TARGETED_DEVICE_FAMILY = "1,2";
			};
			name = Release;
		};
		454337B21FCD3A070023CF5B /* Debug */ = {
			isa = XCBuildConfiguration;
			buildSettings = {
				BUNDLE_LOADER = "$(TEST_HOST)";
				CODE_SIGN_STYLE = Automatic;
				INFOPLIST_FILE = OnoDemoTests/Info.plist;
				LD_RUNPATH_SEARCH_PATHS = "$(inherited) @executable_path/Frameworks @loader_path/Frameworks";
				PRODUCT_BUNDLE_IDENTIFIER = com.fengweiru.OnoDemoTests;
				PRODUCT_NAME = "$(TARGET_NAME)";
				TARGETED_DEVICE_FAMILY = "1,2";
				TEST_HOST = "$(BUILT_PRODUCTS_DIR)/OnoDemo.app/OnoDemo";
			};
			name = Debug;
		};
		454337B31FCD3A070023CF5B /* Release */ = {
			isa = XCBuildConfiguration;
			buildSettings = {
				BUNDLE_LOADER = "$(TEST_HOST)";
				CODE_SIGN_STYLE = Automatic;
				INFOPLIST_FILE = OnoDemoTests/Info.plist;
				LD_RUNPATH_SEARCH_PATHS = "$(inherited) @executable_path/Frameworks @loader_path/Frameworks";
				PRODUCT_BUNDLE_IDENTIFIER = com.fengweiru.OnoDemoTests;
				PRODUCT_NAME = "$(TARGET_NAME)";
				TARGETED_DEVICE_FAMILY = "1,2";
				TEST_HOST = "$(BUILT_PRODUCTS_DIR)/OnoDemo.app/OnoDemo";
			};
			name = Release;
		};
		454337B51FCD3A070023CF5B /* Debug */ = {
			isa = XCBuildConfiguration;
			buildSettings = {
				CODE_SIGN_STYLE = Automatic;
				INFOPLIST_FILE = OnoDemoUITests/Info.plist;
				LD_RUNPATH_SEARCH_PATHS = "$(inherited) @executable_path/Frameworks @loader_path/Frameworks";
				PRODUCT_BUNDLE_IDENTIFIER = com.fengweiru.OnoDemoUITests;
				PRODUCT_NAME = "$(TARGET_NAME)";
				TARGETED_DEVICE_FAMILY = "1,2";
				TEST_TARGET_NAME = OnoDemo;
			};
			name = Debug;
		};
		454337B61FCD3A070023CF5B /* Release */ = {
			isa = XCBuildConfiguration;
			buildSettings = {
				CODE_SIGN_STYLE = Automatic;
				INFOPLIST_FILE = OnoDemoUITests/Info.plist;
				LD_RUNPATH_SEARCH_PATHS = "$(inherited) @executable_path/Frameworks @loader_path/Frameworks";
				PRODUCT_BUNDLE_IDENTIFIER = com.fengweiru.OnoDemoUITests;
				PRODUCT_NAME = "$(TARGET_NAME)";
				TARGETED_DEVICE_FAMILY = "1,2";
				TEST_TARGET_NAME = OnoDemo;
			};
			name = Release;
		};
/* End XCBuildConfiguration section */

/* Begin XCConfigurationList section */
		4543377D1FCD3A070023CF5B /* Build configuration list for PBXProject "OnoDemo" */ = {
			isa = XCConfigurationList;
			buildConfigurations = (
				454337AC1FCD3A070023CF5B /* Debug */,
				454337AD1FCD3A070023CF5B /* Release */,
			);
			defaultConfigurationIsVisible = 0;
			defaultConfigurationName = Release;
		};
		454337AE1FCD3A070023CF5B /* Build configuration list for PBXNativeTarget "OnoDemo" */ = {
			isa = XCConfigurationList;
			buildConfigurations = (
				454337AF1FCD3A070023CF5B /* Debug */,
				454337B01FCD3A070023CF5B /* Release */,
			);
			defaultConfigurationIsVisible = 0;
			defaultConfigurationName = Release;
		};
		454337B11FCD3A070023CF5B /* Build configuration list for PBXNativeTarget "OnoDemoTests" */ = {
			isa = XCConfigurationList;
			buildConfigurations = (
				454337B21FCD3A070023CF5B /* Debug */,
				454337B31FCD3A070023CF5B /* Release */,
			);
			defaultConfigurationIsVisible = 0;
			defaultConfigurationName = Release;
		};
		454337B41FCD3A070023CF5B /* Build configuration list for PBXNativeTarget "OnoDemoUITests" */ = {
			isa = XCConfigurationList;
			buildConfigurations = (
				454337B51FCD3A070023CF5B /* Debug */,
				454337B61FCD3A070023CF5B /* Release */,
			);
			defaultConfigurationIsVisible = 0;
			defaultConfigurationName = Release;
		};
/* End XCConfigurationList section */
	};
	rootObject = 4543377A1FCD3A070023CF5B /* Project object */;
}
